
Microsoft Visual Studio Solution File, Format Version 12.00
# Visual Studio 2013
VisualStudioVersion = 12.0.31101.0
MinimumVisualStudioVersion = 10.0.40219.1
Project("{FAE04EC0-301F-11D3-BF4B-00C04F79EFBC}") = "WAGC_Check", "WAGC_Check\WAGC_Check.csproj", "{70D741B9-96F2-422E-A8D3-F3CE19ADEDD9}"
EndProject
Global
	GlobalSection(SolutionConfigurationPlatforms) = preSolution
		Debug|Any CPU = Debug|Any CPU
		Release|Any CPU = Release|Any CPU
	EndGlobalSection
	GlobalSection(ProjectConfigurationPlatforms) = postSolution
		{70D741B9-96F2-422E-A8D3-F3CE19ADEDD9}.Debug|Any CPU.ActiveCfg = Debug|Any CPU
		{70D741B9-96F2-422E-A8D3-F3CE19ADEDD9}.Debug|Any CPU.Build.0 = Debug|Any CPU
		{70D741B9-96F2-422E-A8D3-F3CE19ADEDD9}.Release|Any CPU.ActiveCfg = Release|Any CPU
		{70D741B9-96F2-422E-A8D3-F3CE19ADEDD9}.Release|Any CPU.Build.0 = Release|Any CPU
	EndGlobalSection
	GlobalSection(SolutionProperties) = preSolution
		HideSolutionNode = FALSE
	EndGlobalSection
EndGlobal
